
Microsoft Visual Studio Solution File, Format Version 12.00
# Visual Studio 2012
Project("{FAE04EC0-301F-11D3-BF4B-00C04F79EFBC}") = "LostAndFound", "LostAndFound\LostAndFound.csproj", "{D27F69B6-DAAA-4BCB-95EF-7112C8559EE7}"
EndProject
Global
	GlobalSection(SolutionConfigurationPlatforms) = preSolution
		Debug|Any CPU = Debug|Any CPU
		Release|Any CPU = Release|Any CPU
	EndGlobalSection
	GlobalSection(ProjectConfigurationPlatforms) = postSolution
		{D27F69B6-DAAA-4BCB-95EF-7112C8559EE7}.Debug|Any CPU.ActiveCfg = Debug|Any CPU
		{D27F69B6-DAAA-4BCB-95EF-7112C8559EE7}.Debug|Any CPU.Build.0 = Debug|Any CPU
		{D27F69B6-DAAA-4BCB-95EF-7112C8559EE7}.Release|Any CPU.ActiveCfg = Release|Any CPU
		{D27F69B6-DAAA-4BCB-95EF-7112C8559EE7}.Release|Any CPU.Build.0 = Release|Any CPU
	EndGlobalSection
	GlobalSection(SolutionProperties) = preSolution
		HideSolutionNode = FALSE
	EndGlobalSection
EndGlobal
